
Microsoft Visual Studio Solution File, Format Version 11.00
# Visual Studio 2010
Project("{FAE04EC0-301F-11D3-BF4B-00C04F79EFBC}") = "GU.HQ", "GU.HQ\GU.HQ.csproj", "{5C700245-FD87-490B-A604-50E5DA16701E}"
EndProject
Project("{FAE04EC0-301F-11D3-BF4B-00C04F79EFBC}") = "GU.HQ.UI", "GU.HQ.UI\GU.HQ.UI.csproj", "{C49F1F5C-FF81-461A-8B92-3F409C96DA9E}"
EndProject
Project("{FAE04EC0-301F-11D3-BF4B-00C04F79EFBC}") = "GU.HQ.DataModel", "GU.HQ.DataModel\GU.HQ.DataModel.csproj", "{84D177CD-491E-4F09-9F5B-02F14FFFEEC6}"
EndProject
Project("{FAE04EC0-301F-11D3-BF4B-00C04F79EFBC}") = "GU.HQ.BL", "GU.HQ.BL\GU.HQ.BL.csproj", "{10392F72-E693-4B21-AB72-223EF9D52E55}"
EndProject
Project("{2150E333-8FDC-42A3-9474-1A3956D46DE8}") = "Common", "Common", "{E647D8C0-1EEE-42F2-8669-C8EDCD5FC30A}"
EndProject
Project("{2150E333-8FDC-42A3-9474-1A3956D46DE8}") = "GU.Common", "GU.Common", "{3D90B3E5-E217-4ADC-B31F-5E3BC1F90DCC}"
EndProject
Project("{FAE04EC0-301F-11D3-BF4B-00C04F79EFBC}") = "Common.BL", "..\..\Common\Common.BL\Common.BL.csproj", "{C03946AB-F720-41F1-93C0-DDBDBA03D983}"
EndProject
Project("{FAE04EC0-301F-11D3-BF4B-00C04F79EFBC}") = "Common.DA", "..\..\Common\Common.DA\Common.DA.csproj", "{166C26B9-576E-44C2-993A-8392B79A619F}"
EndProject
Project("{FAE04EC0-301F-11D3-BF4B-00C04F79EFBC}") = "Common.Types", "..\..\Common\Common.Types\Common.Types.csproj", "{63B80D1D-4E6D-4C64-93A5-3A117E73A332}"
EndProject
Project("{FAE04EC0-301F-11D3-BF4B-00C04F79EFBC}") = "Common.UI", "..\..\Common\Common.UI\Common.UI.csproj", "{A4E6903C-B459-4D75-9AA9-5C50E41CAC3F}"
EndProject
Project("{FAE04EC0-301F-11D3-BF4B-00C04F79EFBC}") = "GU.BL", "..\GU.Common\GU.BL\GU.BL.csproj", "{BE8BC0F3-168A-4957-9972-4D63CC791CC0}"
EndProject
Project("{FAE04EC0-301F-11D3-BF4B-00C04F79EFBC}") = "GU.DataModel", "..\GU.Common\GU.DataModel\GU.DataModel.csproj", "{71463E15-A2C6-4126-8AB9-CA4A570E5E4D}"
EndProject
Project("{FAE04EC0-301F-11D3-BF4B-00C04F79EFBC}") = "GU.UI", "..\GU.Common\GU.UI\GU.UI.csproj", "{C9B66602-5060-4073-9FC1-730202D03C99}"
EndProject
Project("{2150E333-8FDC-42A3-9474-1A3956D46DE8}") = "GU.HQ.Tets", "GU.HQ.Tets", "{A4A42005-0D45-4000-8C11-054B75515CA6}"
EndProject
Project("{FAE04EC0-301F-11D3-BF4B-00C04F79EFBC}") = "GU.HQ.BL.Test", "GU.HQ.BL.Test\GU.HQ.BL.Test.csproj", "{608AE5A1-60AF-4737-B411-AE94B9391274}"
EndProject
Global
	GlobalSection(SolutionConfigurationPlatforms) = preSolution
		Debug|Any CPU = Debug|Any CPU
		Debug|Mixed Platforms = Debug|Mixed Platforms
		Debug|x86 = Debug|x86
		Release|Any CPU = Release|Any CPU
		Release|Mixed Platforms = Release|Mixed Platforms
		Release|x86 = Release|x86
	EndGlobalSection
	GlobalSection(ProjectConfigurationPlatforms) = postSolution
		{5C700245-FD87-490B-A604-50E5DA16701E}.Debug|Any CPU.ActiveCfg = Debug|x86
		{5C700245-FD87-490B-A604-50E5DA16701E}.Debug|Mixed Platforms.ActiveCfg = Debug|x86
		{5C700245-FD87-490B-A604-50E5DA16701E}.Debug|Mixed Platforms.Build.0 = Debug|x86
		{5C700245-FD87-490B-A604-50E5DA16701E}.Debug|x86.ActiveCfg = Debug|x86
		{5C700245-FD87-490B-A604-50E5DA16701E}.Debug|x86.Build.0 = Debug|x86
		{5C700245-FD87-490B-A604-50E5DA16701E}.Release|Any CPU.ActiveCfg = Release|x86
		{5C700245-FD87-490B-A604-50E5DA16701E}.Release|Mixed Platforms.ActiveCfg = Release|x86
		{5C700245-FD87-490B-A604-50E5DA16701E}.Release|Mixed Platforms.Build.0 = Release|x86
		{5C700245-FD87-490B-A604-50E5DA16701E}.Release|x86.ActiveCfg = Release|x86
		{5C700245-FD87-490B-A604-50E5DA16701E}.Release|x86.Build.0 = Release|x86
		{C49F1F5C-FF81-461A-8B92-3F409C96DA9E}.Debug|Any CPU.ActiveCfg = Debug|Any CPU
		{C49F1F5C-FF81-461A-8B92-3F409C96DA9E}.Debug|Any CPU.Build.0 = Debug|Any CPU
		{C49F1F5C-FF81-461A-8B92-3F409C96DA9E}.Debug|Mixed Platforms.ActiveCfg = Debug|Any CPU
		{C49F1F5C-FF81-461A-8B92-3F409C96DA9E}.Debug|Mixed Platforms.Build.0 = Debug|Any CPU
		{C49F1F5C-FF81-461A-8B92-3F409C96DA9E}.Debug|x86.ActiveCfg = Debug|Any CPU
		{C49F1F5C-FF81-461A-8B92-3F409C96DA9E}.Release|Any CPU.ActiveCfg = Release|Any CPU
		{C49F1F5C-FF81-461A-8B92-3F409C96DA9E}.Release|Any CPU.Build.0 = Release|Any CPU
		{C49F1F5C-FF81-461A-8B92-3F409C96DA9E}.Release|Mixed Platforms.ActiveCfg = Release|Any CPU
		{C49F1F5C-FF81-461A-8B92-3F409C96DA9E}.Release|Mixed Platforms.Build.0 = Release|Any CPU
		{C49F1F5C-FF81-461A-8B92-3F409C96DA9E}.Release|x86.ActiveCfg = Release|Any CPU
		{84D177CD-491E-4F09-9F5B-02F14FFFEEC6}.Debug|Any CPU.ActiveCfg = Debug|Any CPU
		{84D177CD-491E-4F09-9F5B-02F14FFFEEC6}.Debug|Any CPU.Build.0 = Debug|Any CPU
		{84D177CD-491E-4F09-9F5B-02F14FFFEEC6}.Debug|Mixed Platforms.ActiveCfg = Debug|Any CPU
		{84D177CD-491E-4F09-9F5B-02F14FFFEEC6}.Debug|Mixed Platforms.Build.0 = Debug|Any CPU
		{84D177CD-491E-4F09-9F5B-02F14FFFEEC6}.Debug|x86.ActiveCfg = Debug|Any CPU
		{84D177CD-491E-4F09-9F5B-02F14FFFEEC6}.Release|Any CPU.ActiveCfg = Release|Any CPU
		{84D177CD-491E-4F09-9F5B-02F14FFFEEC6}.Release|Any CPU.Build.0 = Release|Any CPU
		{84D177CD-491E-4F09-9F5B-02F14FFFEEC6}.Release|Mixed Platforms.ActiveCfg = Release|Any CPU
		{84D177CD-491E-4F09-9F5B-02F14FFFEEC6}.Release|Mixed Platforms.Build.0 = Release|Any CPU
		{84D177CD-491E-4F09-9F5B-02F14FFFEEC6}.Release|x86.ActiveCfg = Release|Any CPU
		{10392F72-E693-4B21-AB72-223EF9D52E55}.Debug|Any CPU.ActiveCfg = Debug|Any CPU
		{10392F72-E693-4B21-AB72-223EF9D52E55}.Debug|Any CPU.Build.0 = Debug|Any CPU
		{10392F72-E693-4B21-AB72-223EF9D52E55}.Debug|Mixed Platforms.ActiveCfg = Debug|Any CPU
		{10392F72-E693-4B21-AB72-223EF9D52E55}.Debug|Mixed Platforms.Build.0 = Debug|Any CPU
		{10392F72-E693-4B21-AB72-223EF9D52E55}.Debug|x86.ActiveCfg = Debug|Any CPU
		{10392F72-E693-4B21-AB72-223EF9D52E55}.Release|Any CPU.ActiveCfg = Release|Any CPU
		{10392F72-E693-4B21-AB72-223EF9D52E55}.Release|Any CPU.Build.0 = Release|Any CPU
		{10392F72-E693-4B21-AB72-223EF9D52E55}.Release|Mixed Platforms.ActiveCfg = Release|Any CPU
		{10392F72-E693-4B21-AB72-223EF9D52E55}.Release|Mixed Platforms.Build.0 = Release|Any CPU
		{10392F72-E693-4B21-AB72-223EF9D52E55}.Release|x86.ActiveCfg = Release|Any CPU
		{C03946AB-F720-41F1-93C0-DDBDBA03D983}.Debug|Any CPU.ActiveCfg = Debug|Any CPU
		{C03946AB-F720-41F1-93C0-DDBDBA03D983}.Debug|Any CPU.Build.0 = Debug|Any CPU
		{C03946AB-F720-41F1-93C0-DDBDBA03D983}.Debug|Mixed Platforms.ActiveCfg = Debug|Any CPU
		{C03946AB-F720-41F1-93C0-DDBDBA03D983}.Debug|Mixed Platforms.Build.0 = Debug|Any CPU
		{C03946AB-F720-41F1-93C0-DDBDBA03D983}.Debug|x86.ActiveCfg = Debug|Any CPU
		{C03946AB-F720-41F1-93C0-DDBDBA03D983}.Release|Any CPU.ActiveCfg = Release|Any CPU
		{C03946AB-F720-41F1-93C0-DDBDBA03D983}.Release|Any CPU.Build.0 = Release|Any CPU
		{C03946AB-F720-41F1-93C0-DDBDBA03D983}.Release|Mixed Platforms.ActiveCfg = Release|Any CPU
		{C03946AB-F720-41F1-93C0-DDBDBA03D983}.Release|Mixed Platforms.Build.0 = Release|Any CPU
		{C03946AB-F720-41F1-93C0-DDBDBA03D983}.Release|x86.ActiveCfg = Release|Any CPU
		{166C26B9-576E-44C2-993A-8392B79A619F}.Debug|Any CPU.ActiveCfg = Debug|Any CPU
		{166C26B9-576E-44C2-993A-8392B79A619F}.Debug|Any CPU.Build.0 = Debug|Any CPU
		{166C26B9-576E-44C2-993A-8392B79A619F}.Debug|Mixed Platforms.ActiveCfg = Debug|Any CPU
		{166C26B9-576E-44C2-993A-8392B79A619F}.Debug|Mixed Platforms.Build.0 = Debug|Any CPU
		{166C26B9-576E-44C2-993A-8392B79A619F}.Debug|x86.ActiveCfg = Debug|Any CPU
		{166C26B9-576E-44C2-993A-8392B79A619F}.Release|Any CPU.ActiveCfg = Release|Any CPU
		{166C26B9-576E-44C2-993A-8392B79A619F}.Release|Any CPU.Build.0 = Release|Any CPU
		{166C26B9-576E-44C2-993A-8392B79A619F}.Release|Mixed Platforms.ActiveCfg = Release|Any CPU
		{166C26B9-576E-44C2-993A-8392B79A619F}.Release|Mixed Platforms.Build.0 = Release|Any CPU
		{166C26B9-576E-44C2-993A-8392B79A619F}.Release|x86.ActiveCfg = Release|Any CPU
		{63B80D1D-4E6D-4C64-93A5-3A117E73A332}.Debug|Any CPU.ActiveCfg = Debug|Any CPU
		{63B80D1D-4E6D-4C64-93A5-3A117E73A332}.Debug|Any CPU.Build.0 = Debug|Any CPU
		{63B80D1D-4E6D-4C64-93A5-3A117E73A332}.Debug|Mixed Platforms.ActiveCfg = Debug|Any CPU
		{63B80D1D-4E6D-4C64-93A5-3A117E73A332}.Debug|Mixed Platforms.Build.0 = Debug|Any CPU
		{63B80D1D-4E6D-4C64-93A5-3A117E73A332}.Debug|x86.ActiveCfg = Debug|Any CPU
		{63B80D1D-4E6D-4C64-93A5-3A117E73A332}.Release|Any CPU.ActiveCfg = Release|Any CPU
		{63B80D1D-4E6D-4C64-93A5-3A117E73A332}.Release|Any CPU.Build.0 = Release|Any CPU
		{63B80D1D-4E6D-4C64-93A5-3A117E73A332}.Release|Mixed Platforms.ActiveCfg = Release|Any CPU
		{63B80D1D-4E6D-4C64-93A5-3A117E73A332}.Release|Mixed Platforms.Build.0 = Release|Any CPU
		{63B80D1D-4E6D-4C64-93A5-3A117E73A332}.Release|x86.ActiveCfg = Release|Any CPU
		{A4E6903C-B459-4D75-9AA9-5C50E41CAC3F}.Debug|Any CPU.ActiveCfg = Debug|x86
		{A4E6903C-B459-4D75-9AA9-5C50E41CAC3F}.Debug|Mixed Platforms.ActiveCfg = Debug|x86
		{A4E6903C-B459-4D75-9AA9-5C50E41CAC3F}.Debug|Mixed Platforms.Build.0 = Debug|x86
		{A4E6903C-B459-4D75-9AA9-5C50E41CAC3F}.Debug|x86.ActiveCfg = Debug|x86
		{A4E6903C-B459-4D75-9AA9-5C50E41CAC3F}.Debug|x86.Build.0 = Debug|x86
		{A4E6903C-B459-4D75-9AA9-5C50E41CAC3F}.Release|Any CPU.ActiveCfg = Release|x86
		{A4E6903C-B459-4D75-9AA9-5C50E41CAC3F}.Release|Mixed Platforms.ActiveCfg = Release|x86
		{A4E6903C-B459-4D75-9AA9-5C50E41CAC3F}.Release|Mixed Platforms.Build.0 = Release|x86
		{A4E6903C-B459-4D75-9AA9-5C50E41CAC3F}.Release|x86.ActiveCfg = Release|x86
		{A4E6903C-B459-4D75-9AA9-5C50E41CAC3F}.Release|x86.Build.0 = Release|x86
		{BE8BC0F3-168A-4957-9972-4D63CC791CC0}.Debug|Any CPU.ActiveCfg = Debug|Any CPU
		{BE8BC0F3-168A-4957-9972-4D63CC791CC0}.Debug|Any CPU.Build.0 = Debug|Any CPU
		{BE8BC0F3-168A-4957-9972-4D63CC791CC0}.Debug|Mixed Platforms.ActiveCfg = Debug|Any CPU
		{BE8BC0F3-168A-4957-9972-4D63CC791CC0}.Debug|Mixed Platforms.Build.0 = Debug|Any CPU
		{BE8BC0F3-168A-4957-9972-4D63CC791CC0}.Debug|x86.ActiveCfg = Debug|Any CPU
		{BE8BC0F3-168A-4957-9972-4D63CC791CC0}.Release|Any CPU.ActiveCfg = Release|Any CPU
		{BE8BC0F3-168A-4957-9972-4D63CC791CC0}.Release|Any CPU.Build.0 = Release|Any CPU
		{BE8BC0F3-168A-4957-9972-4D63CC791CC0}.Release|Mixed Platforms.ActiveCfg = Release|Any CPU
		{BE8BC0F3-168A-4957-9972-4D63CC791CC0}.Release|Mixed Platforms.Build.0 = Release|Any CPU
		{BE8BC0F3-168A-4957-9972-4D63CC791CC0}.Release|x86.ActiveCfg = Release|Any CPU
		{71463E15-A2C6-4126-8AB9-CA4A570E5E4D}.Debug|Any CPU.ActiveCfg = Debug|Any CPU
		{71463E15-A2C6-4126-8AB9-CA4A570E5E4D}.Debug|Any CPU.Build.0 = Debug|Any CPU
		{71463E15-A2C6-4126-8AB9-CA4A570E5E4D}.Debug|Mixed Platforms.ActiveCfg = Debug|Any CPU
		{71463E15-A2C6-4126-8AB9-CA4A570E5E4D}.Debug|Mixed Platforms.Build.0 = Debug|Any CPU
		{71463E15-A2C6-4126-8AB9-CA4A570E5E4D}.Debug|x86.ActiveCfg = Debug|Any CPU
		{71463E15-A2C6-4126-8AB9-CA4A570E5E4D}.Release|Any CPU.ActiveCfg = Release|Any CPU
		{71463E15-A2C6-4126-8AB9-CA4A570E5E4D}.Release|Any CPU.Build.0 = Release|Any CPU
		{71463E15-A2C6-4126-8AB9-CA4A570E5E4D}.Release|Mixed Platforms.ActiveCfg = Release|Any CPU
		{71463E15-A2C6-4126-8AB9-CA4A570E5E4D}.Release|Mixed Platforms.Build.0 = Release|Any CPU
		{71463E15-A2C6-4126-8AB9-CA4A570E5E4D}.Release|x86.ActiveCfg = Release|Any CPU
		{C9B66602-5060-4073-9FC1-730202D03C99}.Debug|Any CPU.ActiveCfg = Debug|Any CPU
		{C9B66602-5060-4073-9FC1-730202D03C99}.Debug|Any CPU.Build.0 = Debug|Any CPU
		{C9B66602-5060-4073-9FC1-730202D03C99}.Debug|Mixed Platforms.ActiveCfg = Debug|Any CPU
		{C9B66602-5060-4073-9FC1-730202D03C99}.Debug|Mixed Platforms.Build.0 = Debug|Any CPU
		{C9B66602-5060-4073-9FC1-730202D03C99}.Debug|x86.ActiveCfg = Debug|Any CPU
		{C9B66602-5060-4073-9FC1-730202D03C99}.Release|Any CPU.ActiveCfg = Release|Any CPU
		{C9B66602-5060-4073-9FC1-730202D03C99}.Release|Any CPU.Build.0 = Release|Any CPU
		{C9B66602-5060-4073-9FC1-730202D03C99}.Release|Mixed Platforms.ActiveCfg = Release|Any CPU
		{C9B66602-5060-4073-9FC1-730202D03C99}.Release|Mixed Platforms.Build.0 = Release|Any CPU
		{C9B66602-5060-4073-9FC1-730202D03C99}.Release|x86.ActiveCfg = Release|Any CPU
		{608AE5A1-60AF-4737-B411-AE94B9391274}.Debug|Any CPU.ActiveCfg = Debug|Any CPU
		{608AE5A1-60AF-4737-B411-AE94B9391274}.Debug|Any CPU.Build.0 = Debug|Any CPU
		{608AE5A1-60AF-4737-B411-AE94B9391274}.Debug|Mixed Platforms.ActiveCfg = Debug|Any CPU
		{608AE5A1-60AF-4737-B411-AE94B9391274}.Debug|Mixed Platforms.Build.0 = Debug|Any CPU
		{608AE5A1-60AF-4737-B411-AE94B9391274}.Debug|x86.ActiveCfg = Debug|Any CPU
		{608AE5A1-60AF-4737-B411-AE94B9391274}.Release|Any CPU.ActiveCfg = Release|Any CPU
		{608AE5A1-60AF-4737-B411-AE94B9391274}.Release|Any CPU.Build.0 = Release|Any CPU
		{608AE5A1-60AF-4737-B411-AE94B9391274}.Release|Mixed Platforms.ActiveCfg = Release|Any CPU
		{608AE5A1-60AF-4737-B411-AE94B9391274}.Release|Mixed Platforms.Build.0 = Release|Any CPU
		{608AE5A1-60AF-4737-B411-AE94B9391274}.Release|x86.ActiveCfg = Release|Any CPU
	EndGlobalSection
	GlobalSection(SolutionProperties) = preSolution
		HideSolutionNode = FALSE
	EndGlobalSection
	GlobalSection(NestedProjects) = preSolution
		{C03946AB-F720-41F1-93C0-DDBDBA03D983} = {E647D8C0-1EEE-42F2-8669-C8EDCD5FC30A}
		{166C26B9-576E-44C2-993A-8392B79A619F} = {E647D8C0-1EEE-42F2-8669-C8EDCD5FC30A}
		{63B80D1D-4E6D-4C64-93A5-3A117E73A332} = {E647D8C0-1EEE-42F2-8669-C8EDCD5FC30A}
		{A4E6903C-B459-4D75-9AA9-5C50E41CAC3F} = {E647D8C0-1EEE-42F2-8669-C8EDCD5FC30A}
		{BE8BC0F3-168A-4957-9972-4D63CC791CC0} = {3D90B3E5-E217-4ADC-B31F-5E3BC1F90DCC}
		{71463E15-A2C6-4126-8AB9-CA4A570E5E4D} = {3D90B3E5-E217-4ADC-B31F-5E3BC1F90DCC}
		{C9B66602-5060-4073-9FC1-730202D03C99} = {3D90B3E5-E217-4ADC-B31F-5E3BC1F90DCC}
		{608AE5A1-60AF-4737-B411-AE94B9391274} = {A4A42005-0D45-4000-8C11-054B75515CA6}
	EndGlobalSection
EndGlobal
