
Microsoft Visual Studio Solution File, Format Version 11.00
# Visual Studio 2010
Project("{FAE04EC0-301F-11D3-BF4B-00C04F79EFBC}") = "GU.Enisey", "GU.Enisey\GU.Enisey.csproj", "{BE39A387-C382-4433-8275-39237BACC254}"
EndProject
Project("{FAE04EC0-301F-11D3-BF4B-00C04F79EFBC}") = "GU.Enisey.Stub.Server", "GU.Enisey.Stub.Server\GU.Enisey.Stub.Server.csproj", "{7F423CF3-8008-45F8-9912-010575F306AB}"
EndProject
Project("{FAE04EC0-301F-11D3-BF4B-00C04F79EFBC}") = "GU.Enisey.Contract", "GU.Enisey.Contract\GU.Enisey.Contract.csproj", "{0B417629-7D85-4B39-AAE3-0B5218C59673}"
EndProject
Project("{FAE04EC0-301F-11D3-BF4B-00C04F79EFBC}") = "GU.Enisey.DataModel", "GU.Enisey.DataModel\GU.Enisey.DataModel.csproj", "{AACF3DC6-8F7B-4193-BF7C-9F88F15CE420}"
EndProject
Project("{FAE04EC0-301F-11D3-BF4B-00C04F79EFBC}") = "GU.Enisey.BL", "GU.Enisey.BL\GU.Enisey.BL.csproj", "{B64EE885-8BB8-4CEC-BE0C-95047E493F67}"
EndProject
Project("{2150E333-8FDC-42A3-9474-1A3956D46DE8}") = "Common", "Common", "{7EB4EDA1-7D44-45C7-9565-69A6B397B5A1}"
EndProject
Project("{FAE04EC0-301F-11D3-BF4B-00C04F79EFBC}") = "Common.BL", "..\..\Common\Common.BL\Common.BL.csproj", "{C03946AB-F720-41F1-93C0-DDBDBA03D983}"
EndProject
Project("{FAE04EC0-301F-11D3-BF4B-00C04F79EFBC}") = "Common.DA", "..\..\Common\Common.DA\Common.DA.csproj", "{166C26B9-576E-44C2-993A-8392B79A619F}"
EndProject
Project("{FAE04EC0-301F-11D3-BF4B-00C04F79EFBC}") = "Common.Types", "..\..\Common\Common.Types\Common.Types.csproj", "{63B80D1D-4E6D-4C64-93A5-3A117E73A332}"
EndProject
Project("{2150E333-8FDC-42A3-9474-1A3956D46DE8}") = "GU.Common", "GU.Common", "{48C92596-EF73-4334-AF40-8CB37BCCBE88}"
EndProject
Project("{FAE04EC0-301F-11D3-BF4B-00C04F79EFBC}") = "GU.BL", "..\GU.Common\GU.BL\GU.BL.csproj", "{BE8BC0F3-168A-4957-9972-4D63CC791CC0}"
EndProject
Project("{FAE04EC0-301F-11D3-BF4B-00C04F79EFBC}") = "GU.DataModel", "..\GU.Common\GU.DataModel\GU.DataModel.csproj", "{71463E15-A2C6-4126-8AB9-CA4A570E5E4D}"
EndProject
Project("{FAE04EC0-301F-11D3-BF4B-00C04F79EFBC}") = "GU.Enisey.Service", "GU.Enisey.Service\GU.Enisey.Service.csproj", "{C60AB46A-276C-4970-97FA-AB72FC7E9335}"
EndProject
Project("{FAE04EC0-301F-11D3-BF4B-00C04F79EFBC}") = "GU.Enisey.BL.Test", "GU.Enisey.BL.Test\GU.Enisey.BL.Test.csproj", "{E2CC7E34-E522-4149-9C26-0B19A39FD8E2}"
EndProject
Global
	GlobalSection(SolutionConfigurationPlatforms) = preSolution
		Debug|Any CPU = Debug|Any CPU
		Debug|Mixed Platforms = Debug|Mixed Platforms
		Debug|x86 = Debug|x86
		Release|Any CPU = Release|Any CPU
		Release|Mixed Platforms = Release|Mixed Platforms
		Release|x86 = Release|x86
	EndGlobalSection
	GlobalSection(ProjectConfigurationPlatforms) = postSolution
		{BE39A387-C382-4433-8275-39237BACC254}.Debug|Any CPU.ActiveCfg = Debug|x86
		{BE39A387-C382-4433-8275-39237BACC254}.Debug|Mixed Platforms.ActiveCfg = Debug|x86
		{BE39A387-C382-4433-8275-39237BACC254}.Debug|Mixed Platforms.Build.0 = Debug|x86
		{BE39A387-C382-4433-8275-39237BACC254}.Debug|x86.ActiveCfg = Debug|x86
		{BE39A387-C382-4433-8275-39237BACC254}.Debug|x86.Build.0 = Debug|x86
		{BE39A387-C382-4433-8275-39237BACC254}.Release|Any CPU.ActiveCfg = Release|x86
		{BE39A387-C382-4433-8275-39237BACC254}.Release|Mixed Platforms.ActiveCfg = Release|x86
		{BE39A387-C382-4433-8275-39237BACC254}.Release|Mixed Platforms.Build.0 = Release|x86
		{BE39A387-C382-4433-8275-39237BACC254}.Release|x86.ActiveCfg = Release|x86
		{BE39A387-C382-4433-8275-39237BACC254}.Release|x86.Build.0 = Release|x86
		{7F423CF3-8008-45F8-9912-010575F306AB}.Debug|Any CPU.ActiveCfg = Debug|x86
		{7F423CF3-8008-45F8-9912-010575F306AB}.Debug|Mixed Platforms.ActiveCfg = Debug|x86
		{7F423CF3-8008-45F8-9912-010575F306AB}.Debug|Mixed Platforms.Build.0 = Debug|x86
		{7F423CF3-8008-45F8-9912-010575F306AB}.Debug|x86.ActiveCfg = Debug|x86
		{7F423CF3-8008-45F8-9912-010575F306AB}.Debug|x86.Build.0 = Debug|x86
		{7F423CF3-8008-45F8-9912-010575F306AB}.Release|Any CPU.ActiveCfg = Release|x86
		{7F423CF3-8008-45F8-9912-010575F306AB}.Release|Mixed Platforms.ActiveCfg = Release|x86
		{7F423CF3-8008-45F8-9912-010575F306AB}.Release|Mixed Platforms.Build.0 = Release|x86
		{7F423CF3-8008-45F8-9912-010575F306AB}.Release|x86.ActiveCfg = Release|x86
		{7F423CF3-8008-45F8-9912-010575F306AB}.Release|x86.Build.0 = Release|x86
		{0B417629-7D85-4B39-AAE3-0B5218C59673}.Debug|Any CPU.ActiveCfg = Debug|Any CPU
		{0B417629-7D85-4B39-AAE3-0B5218C59673}.Debug|Any CPU.Build.0 = Debug|Any CPU
		{0B417629-7D85-4B39-AAE3-0B5218C59673}.Debug|Mixed Platforms.ActiveCfg = Debug|Any CPU
		{0B417629-7D85-4B39-AAE3-0B5218C59673}.Debug|Mixed Platforms.Build.0 = Debug|Any CPU
		{0B417629-7D85-4B39-AAE3-0B5218C59673}.Debug|x86.ActiveCfg = Debug|Any CPU
		{0B417629-7D85-4B39-AAE3-0B5218C59673}.Release|Any CPU.ActiveCfg = Release|Any CPU
		{0B417629-7D85-4B39-AAE3-0B5218C59673}.Release|Any CPU.Build.0 = Release|Any CPU
		{0B417629-7D85-4B39-AAE3-0B5218C59673}.Release|Mixed Platforms.ActiveCfg = Release|Any CPU
		{0B417629-7D85-4B39-AAE3-0B5218C59673}.Release|Mixed Platforms.Build.0 = Release|Any CPU
		{0B417629-7D85-4B39-AAE3-0B5218C59673}.Release|x86.ActiveCfg = Release|Any CPU
		{AACF3DC6-8F7B-4193-BF7C-9F88F15CE420}.Debug|Any CPU.ActiveCfg = Debug|Any CPU
		{AACF3DC6-8F7B-4193-BF7C-9F88F15CE420}.Debug|Any CPU.Build.0 = Debug|Any CPU
		{AACF3DC6-8F7B-4193-BF7C-9F88F15CE420}.Debug|Mixed Platforms.ActiveCfg = Debug|Any CPU
		{AACF3DC6-8F7B-4193-BF7C-9F88F15CE420}.Debug|Mixed Platforms.Build.0 = Debug|Any CPU
		{AACF3DC6-8F7B-4193-BF7C-9F88F15CE420}.Debug|x86.ActiveCfg = Debug|Any CPU
		{AACF3DC6-8F7B-4193-BF7C-9F88F15CE420}.Release|Any CPU.ActiveCfg = Release|Any CPU
		{AACF3DC6-8F7B-4193-BF7C-9F88F15CE420}.Release|Any CPU.Build.0 = Release|Any CPU
		{AACF3DC6-8F7B-4193-BF7C-9F88F15CE420}.Release|Mixed Platforms.ActiveCfg = Release|Any CPU
		{AACF3DC6-8F7B-4193-BF7C-9F88F15CE420}.Release|Mixed Platforms.Build.0 = Release|Any CPU
		{AACF3DC6-8F7B-4193-BF7C-9F88F15CE420}.Release|x86.ActiveCfg = Release|Any CPU
		{B64EE885-8BB8-4CEC-BE0C-95047E493F67}.Debug|Any CPU.ActiveCfg = Debug|Any CPU
		{B64EE885-8BB8-4CEC-BE0C-95047E493F67}.Debug|Any CPU.Build.0 = Debug|Any CPU
		{B64EE885-8BB8-4CEC-BE0C-95047E493F67}.Debug|Mixed Platforms.ActiveCfg = Debug|Any CPU
		{B64EE885-8BB8-4CEC-BE0C-95047E493F67}.Debug|Mixed Platforms.Build.0 = Debug|Any CPU
		{B64EE885-8BB8-4CEC-BE0C-95047E493F67}.Debug|x86.ActiveCfg = Debug|Any CPU
		{B64EE885-8BB8-4CEC-BE0C-95047E493F67}.Release|Any CPU.ActiveCfg = Release|Any CPU
		{B64EE885-8BB8-4CEC-BE0C-95047E493F67}.Release|Any CPU.Build.0 = Release|Any CPU
		{B64EE885-8BB8-4CEC-BE0C-95047E493F67}.Release|Mixed Platforms.ActiveCfg = Release|Any CPU
		{B64EE885-8BB8-4CEC-BE0C-95047E493F67}.Release|Mixed Platforms.Build.0 = Release|Any CPU
		{B64EE885-8BB8-4CEC-BE0C-95047E493F67}.Release|x86.ActiveCfg = Release|Any CPU
		{C03946AB-F720-41F1-93C0-DDBDBA03D983}.Debug|Any CPU.ActiveCfg = Debug|Any CPU
		{C03946AB-F720-41F1-93C0-DDBDBA03D983}.Debug|Any CPU.Build.0 = Debug|Any CPU
		{C03946AB-F720-41F1-93C0-DDBDBA03D983}.Debug|Mixed Platforms.ActiveCfg = Debug|Any CPU
		{C03946AB-F720-41F1-93C0-DDBDBA03D983}.Debug|Mixed Platforms.Build.0 = Debug|Any CPU
		{C03946AB-F720-41F1-93C0-DDBDBA03D983}.Debug|x86.ActiveCfg = Debug|Any CPU
		{C03946AB-F720-41F1-93C0-DDBDBA03D983}.Release|Any CPU.ActiveCfg = Release|Any CPU
		{C03946AB-F720-41F1-93C0-DDBDBA03D983}.Release|Any CPU.Build.0 = Release|Any CPU
		{C03946AB-F720-41F1-93C0-DDBDBA03D983}.Release|Mixed Platforms.ActiveCfg = Release|Any CPU
		{C03946AB-F720-41F1-93C0-DDBDBA03D983}.Release|Mixed Platforms.Build.0 = Release|Any CPU
		{C03946AB-F720-41F1-93C0-DDBDBA03D983}.Release|x86.ActiveCfg = Release|Any CPU
		{166C26B9-576E-44C2-993A-8392B79A619F}.Debug|Any CPU.ActiveCfg = Debug|Any CPU
		{166C26B9-576E-44C2-993A-8392B79A619F}.Debug|Any CPU.Build.0 = Debug|Any CPU
		{166C26B9-576E-44C2-993A-8392B79A619F}.Debug|Mixed Platforms.ActiveCfg = Debug|Any CPU
		{166C26B9-576E-44C2-993A-8392B79A619F}.Debug|Mixed Platforms.Build.0 = Debug|Any CPU
		{166C26B9-576E-44C2-993A-8392B79A619F}.Debug|x86.ActiveCfg = Debug|Any CPU
		{166C26B9-576E-44C2-993A-8392B79A619F}.Release|Any CPU.ActiveCfg = Release|Any CPU
		{166C26B9-576E-44C2-993A-8392B79A619F}.Release|Any CPU.Build.0 = Release|Any CPU
		{166C26B9-576E-44C2-993A-8392B79A619F}.Release|Mixed Platforms.ActiveCfg = Release|Any CPU
		{166C26B9-576E-44C2-993A-8392B79A619F}.Release|Mixed Platforms.Build.0 = Release|Any CPU
		{166C26B9-576E-44C2-993A-8392B79A619F}.Release|x86.ActiveCfg = Release|Any CPU
		{63B80D1D-4E6D-4C64-93A5-3A117E73A332}.Debug|Any CPU.ActiveCfg = Debug|Any CPU
		{63B80D1D-4E6D-4C64-93A5-3A117E73A332}.Debug|Any CPU.Build.0 = Debug|Any CPU
		{63B80D1D-4E6D-4C64-93A5-3A117E73A332}.Debug|Mixed Platforms.ActiveCfg = Debug|Any CPU
		{63B80D1D-4E6D-4C64-93A5-3A117E73A332}.Debug|Mixed Platforms.Build.0 = Debug|Any CPU
		{63B80D1D-4E6D-4C64-93A5-3A117E73A332}.Debug|x86.ActiveCfg = Debug|Any CPU
		{63B80D1D-4E6D-4C64-93A5-3A117E73A332}.Release|Any CPU.ActiveCfg = Release|Any CPU
		{63B80D1D-4E6D-4C64-93A5-3A117E73A332}.Release|Any CPU.Build.0 = Release|Any CPU
		{63B80D1D-4E6D-4C64-93A5-3A117E73A332}.Release|Mixed Platforms.ActiveCfg = Release|Any CPU
		{63B80D1D-4E6D-4C64-93A5-3A117E73A332}.Release|Mixed Platforms.Build.0 = Release|Any CPU
		{63B80D1D-4E6D-4C64-93A5-3A117E73A332}.Release|x86.ActiveCfg = Release|Any CPU
		{BE8BC0F3-168A-4957-9972-4D63CC791CC0}.Debug|Any CPU.ActiveCfg = Debug|Any CPU
		{BE8BC0F3-168A-4957-9972-4D63CC791CC0}.Debug|Any CPU.Build.0 = Debug|Any CPU
		{BE8BC0F3-168A-4957-9972-4D63CC791CC0}.Debug|Mixed Platforms.ActiveCfg = Debug|Any CPU
		{BE8BC0F3-168A-4957-9972-4D63CC791CC0}.Debug|Mixed Platforms.Build.0 = Debug|Any CPU
		{BE8BC0F3-168A-4957-9972-4D63CC791CC0}.Debug|x86.ActiveCfg = Debug|Any CPU
		{BE8BC0F3-168A-4957-9972-4D63CC791CC0}.Release|Any CPU.ActiveCfg = Release|Any CPU
		{BE8BC0F3-168A-4957-9972-4D63CC791CC0}.Release|Any CPU.Build.0 = Release|Any CPU
		{BE8BC0F3-168A-4957-9972-4D63CC791CC0}.Release|Mixed Platforms.ActiveCfg = Release|Any CPU
		{BE8BC0F3-168A-4957-9972-4D63CC791CC0}.Release|Mixed Platforms.Build.0 = Release|Any CPU
		{BE8BC0F3-168A-4957-9972-4D63CC791CC0}.Release|x86.ActiveCfg = Release|Any CPU
		{71463E15-A2C6-4126-8AB9-CA4A570E5E4D}.Debug|Any CPU.ActiveCfg = Debug|Any CPU
		{71463E15-A2C6-4126-8AB9-CA4A570E5E4D}.Debug|Any CPU.Build.0 = Debug|Any CPU
		{71463E15-A2C6-4126-8AB9-CA4A570E5E4D}.Debug|Mixed Platforms.ActiveCfg = Debug|Any CPU
		{71463E15-A2C6-4126-8AB9-CA4A570E5E4D}.Debug|Mixed Platforms.Build.0 = Debug|Any CPU
		{71463E15-A2C6-4126-8AB9-CA4A570E5E4D}.Debug|x86.ActiveCfg = Debug|Any CPU
		{71463E15-A2C6-4126-8AB9-CA4A570E5E4D}.Release|Any CPU.ActiveCfg = Release|Any CPU
		{71463E15-A2C6-4126-8AB9-CA4A570E5E4D}.Release|Any CPU.Build.0 = Release|Any CPU
		{71463E15-A2C6-4126-8AB9-CA4A570E5E4D}.Release|Mixed Platforms.ActiveCfg = Release|Any CPU
		{71463E15-A2C6-4126-8AB9-CA4A570E5E4D}.Release|Mixed Platforms.Build.0 = Release|Any CPU
		{71463E15-A2C6-4126-8AB9-CA4A570E5E4D}.Release|x86.ActiveCfg = Release|Any CPU
		{C60AB46A-276C-4970-97FA-AB72FC7E9335}.Debug|Any CPU.ActiveCfg = Debug|Any CPU
		{C60AB46A-276C-4970-97FA-AB72FC7E9335}.Debug|Any CPU.Build.0 = Debug|Any CPU
		{C60AB46A-276C-4970-97FA-AB72FC7E9335}.Debug|Mixed Platforms.ActiveCfg = Debug|Any CPU
		{C60AB46A-276C-4970-97FA-AB72FC7E9335}.Debug|Mixed Platforms.Build.0 = Debug|Any CPU
		{C60AB46A-276C-4970-97FA-AB72FC7E9335}.Debug|x86.ActiveCfg = Debug|Any CPU
		{C60AB46A-276C-4970-97FA-AB72FC7E9335}.Release|Any CPU.ActiveCfg = Release|Any CPU
		{C60AB46A-276C-4970-97FA-AB72FC7E9335}.Release|Any CPU.Build.0 = Release|Any CPU
		{C60AB46A-276C-4970-97FA-AB72FC7E9335}.Release|Mixed Platforms.ActiveCfg = Release|Any CPU
		{C60AB46A-276C-4970-97FA-AB72FC7E9335}.Release|Mixed Platforms.Build.0 = Release|Any CPU
		{C60AB46A-276C-4970-97FA-AB72FC7E9335}.Release|x86.ActiveCfg = Release|Any CPU
		{E2CC7E34-E522-4149-9C26-0B19A39FD8E2}.Debug|Any CPU.ActiveCfg = Debug|Any CPU
		{E2CC7E34-E522-4149-9C26-0B19A39FD8E2}.Debug|Any CPU.Build.0 = Debug|Any CPU
		{E2CC7E34-E522-4149-9C26-0B19A39FD8E2}.Debug|Mixed Platforms.ActiveCfg = Debug|Any CPU
		{E2CC7E34-E522-4149-9C26-0B19A39FD8E2}.Debug|Mixed Platforms.Build.0 = Debug|Any CPU
		{E2CC7E34-E522-4149-9C26-0B19A39FD8E2}.Debug|x86.ActiveCfg = Debug|Any CPU
		{E2CC7E34-E522-4149-9C26-0B19A39FD8E2}.Release|Any CPU.ActiveCfg = Release|Any CPU
		{E2CC7E34-E522-4149-9C26-0B19A39FD8E2}.Release|Any CPU.Build.0 = Release|Any CPU
		{E2CC7E34-E522-4149-9C26-0B19A39FD8E2}.Release|Mixed Platforms.ActiveCfg = Release|Any CPU
		{E2CC7E34-E522-4149-9C26-0B19A39FD8E2}.Release|Mixed Platforms.Build.0 = Release|Any CPU
		{E2CC7E34-E522-4149-9C26-0B19A39FD8E2}.Release|x86.ActiveCfg = Release|Any CPU
	EndGlobalSection
	GlobalSection(SolutionProperties) = preSolution
		HideSolutionNode = FALSE
	EndGlobalSection
	GlobalSection(NestedProjects) = preSolution
		{C03946AB-F720-41F1-93C0-DDBDBA03D983} = {7EB4EDA1-7D44-45C7-9565-69A6B397B5A1}
		{166C26B9-576E-44C2-993A-8392B79A619F} = {7EB4EDA1-7D44-45C7-9565-69A6B397B5A1}
		{63B80D1D-4E6D-4C64-93A5-3A117E73A332} = {7EB4EDA1-7D44-45C7-9565-69A6B397B5A1}
		{BE8BC0F3-168A-4957-9972-4D63CC791CC0} = {48C92596-EF73-4334-AF40-8CB37BCCBE88}
		{71463E15-A2C6-4126-8AB9-CA4A570E5E4D} = {48C92596-EF73-4334-AF40-8CB37BCCBE88}
	EndGlobalSection
EndGlobal
