
Microsoft Visual Studio Solution File, Format Version 12.00
# Visual Studio 2012
Project("{FAE04EC0-301F-11D3-BF4B-00C04F79EFBC}") = "MockMetrics", "MockMetrics\MockMetrics.csproj", "{529DB9BB-25F6-42B1-A70F-764094B10206}"
EndProject
Project("{FAE04EC0-301F-11D3-BF4B-00C04F79EFBC}") = "MockMetrics.Tests", "MockMetrics.Tests\MockMetrics.Tests.csproj", "{6A8A1CB6-59CA-4118-9FAB-7B66B37EB1C6}"
EndProject
Global
	GlobalSection(SolutionConfigurationPlatforms) = preSolution
		Debug|Any CPU = Debug|Any CPU
		Release|Any CPU = Release|Any CPU
	EndGlobalSection
	GlobalSection(ProjectConfigurationPlatforms) = postSolution
		{529DB9BB-25F6-42B1-A70F-764094B10206}.Debug|Any CPU.ActiveCfg = Debug|Any CPU
		{529DB9BB-25F6-42B1-A70F-764094B10206}.Debug|Any CPU.Build.0 = Debug|Any CPU
		{529DB9BB-25F6-42B1-A70F-764094B10206}.Release|Any CPU.ActiveCfg = Release|Any CPU
		{529DB9BB-25F6-42B1-A70F-764094B10206}.Release|Any CPU.Build.0 = Release|Any CPU
		{6A8A1CB6-59CA-4118-9FAB-7B66B37EB1C6}.Debug|Any CPU.ActiveCfg = Debug|Any CPU
		{6A8A1CB6-59CA-4118-9FAB-7B66B37EB1C6}.Debug|Any CPU.Build.0 = Debug|Any CPU
		{6A8A1CB6-59CA-4118-9FAB-7B66B37EB1C6}.Release|Any CPU.ActiveCfg = Release|Any CPU
		{6A8A1CB6-59CA-4118-9FAB-7B66B37EB1C6}.Release|Any CPU.Build.0 = Release|Any CPU
	EndGlobalSection
	GlobalSection(SolutionProperties) = preSolution
		HideSolutionNode = FALSE
	EndGlobalSection
EndGlobal
